// !$*UTF8*$!
{
	archiveVersion = 1;
	classes = {
	};
	objectVersion = 46;
	objects = {

/* Begin PBXBuildFile section */
		84DB3B901685E596006807E9 /* UIKit.framework in Frameworks */ = {isa = PBXBuildFile; fileRef = 84DB3B8F1685E596006807E9 /* UIKit.framework */; };
		84DB3B921685E596006807E9 /* Foundation.framework in Frameworks */ = {isa = PBXBuildFile; fileRef = 84DB3B911685E596006807E9 /* Foundation.framework */; };
		84DB3B941685E596006807E9 /* CoreGraphics.framework in Frameworks */ = {isa = PBXBuildFile; fileRef = 84DB3B931685E596006807E9 /* CoreGraphics.framework */; };
		84DB3B9A1685E596006807E9 /* InfoPlist.strings in Resources */ = {isa = PBXBuildFile; fileRef = 84DB3B981685E596006807E9 /* InfoPlist.strings */; };
		84DB3B9C1685E596006807E9 /* main.m in Sources */ = {isa = PBXBuildFile; fileRef = 84DB3B9B1685E596006807E9 /* main.m */; };
		84DB3BA01685E596006807E9 /* StoryBoardAppDelegate.m in Sources */ = {isa = PBXBuildFile; fileRef = 84DB3B9F1685E596006807E9 /* StoryBoardAppDelegate.m */; };
		84DB3BA21685E596006807E9 /* Default.png in Resources */ = {isa = PBXBuildFile; fileRef = 84DB3BA11685E596006807E9 /* Default.png */; };
		84DB3BA41685E596006807E9 /* Default@2x.png in Resources */ = {isa = PBXBuildFile; fileRef = 84DB3BA31685E596006807E9 /* Default@2x.png */; };
		84DB3BA61685E596006807E9 /* Default-568h@2x.png in Resources */ = {isa = PBXBuildFile; fileRef = 84DB3BA51685E596006807E9 /* Default-568h@2x.png */; };
		84DB3BA91685E596006807E9 /* MainStoryboard.storyboard in Resources */ = {isa = PBXBuildFile; fileRef = 84DB3BA71685E596006807E9 /* MainStoryboard.storyboard */; };
		84DB3BAC1685E596006807E9 /* StoryBoardViewController.m in Sources */ = {isa = PBXBuildFile; fileRef = 84DB3BAB1685E596006807E9 /* StoryBoardViewController.m */; };
/* End PBXBuildFile section */

/* Begin PBXFileReference section */
		84DB3B8B1685E596006807E9 /* TestHub.app */ = {isa = PBXFileReference; explicitFileType = wrapper.application; includeInIndex = 0; path = TestHub.app; sourceTree = BUILT_PRODUCTS_DIR; };
		84DB3B8F1685E596006807E9 /* UIKit.framework */ = {isa = PBXFileReference; lastKnownFileType = wrapper.framework; name = UIKit.framework; path = System/Library/Frameworks/UIKit.framework; sourceTree = SDKROOT; };
		84DB3B911685E596006807E9 /* Foundation.framework */ = {isa = PBXFileReference; lastKnownFileType = wrapper.framework; name = Foundation.framework; path = System/Library/Frameworks/Foundation.framework; sourceTree = SDKROOT; };
		84DB3B931685E596006807E9 /* CoreGraphics.framework */ = {isa = PBXFileReference; lastKnownFileType = wrapper.framework; name = CoreGraphics.framework; path = System/Library/Frameworks/CoreGraphics.framework; sourceTree = SDKROOT; };
		84DB3B971685E596006807E9 /* TestHub-Info.plist */ = {isa = PBXFileReference; lastKnownFileType = text.plist.xml; path = "TestHub-Info.plist"; sourceTree = "<group>"; };
		84DB3B991685E596006807E9 /* en */ = {isa = PBXFileReference; lastKnownFileType = text.plist.strings; name = en; path = en.lproj/InfoPlist.strings; sourceTree = "<group>"; };
		84DB3B9B1685E596006807E9 /* main.m */ = {isa = PBXFileReference; lastKnownFileType = sourcecode.c.objc; path = main.m; sourceTree = "<group>"; };
		84DB3B9D1685E596006807E9 /* TestHub-Prefix.pch */ = {isa = PBXFileReference; lastKnownFileType = sourcecode.c.h; path = "TestHub-Prefix.pch"; sourceTree = "<group>"; };
		84DB3B9E1685E596006807E9 /* StoryBoardAppDelegate.h */ = {isa = PBXFileReference; lastKnownFileType = sourcecode.c.h; path = StoryBoardAppDelegate.h; sourceTree = "<group>"; };
		84DB3B9F1685E596006807E9 /* StoryBoardAppDelegate.m */ = {isa = PBXFileReference; lastKnownFileType = sourcecode.c.objc; path = StoryBoardAppDelegate.m; sourceTree = "<group>"; };
		84DB3BA11685E596006807E9 /* Default.png */ = {isa = PBXFileReference; lastKnownFileType = image.png; path = Default.png; sourceTree = "<group>"; };
		84DB3BA31685E596006807E9 /* Default@2x.png */ = {isa = PBXFileReference; lastKnownFileType = image.png; path = "Default@2x.png"; sourceTree = "<group>"; };
		84DB3BA51685E596006807E9 /* Default-568h@2x.png */ = {isa = PBXFileReference; lastKnownFileType = image.png; path = "Default-568h@2x.png"; sourceTree = "<group>"; };
		84DB3BA81685E596006807E9 /* en */ = {isa = PBXFileReference; lastKnownFileType = file.storyboard; name = en; path = en.lproj/MainStoryboard.storyboard; sourceTree = "<group>"; };
		84DB3BAA1685E596006807E9 /* StoryBoardViewController.h */ = {isa = PBXFileReference; lastKnownFileType = sourcecode.c.h; path = StoryBoardViewController.h; sourceTree = "<group>"; };
		84DB3BAB1685E596006807E9 /* StoryBoardViewController.m */ = {isa = PBXFileReference; lastKnownFileType = sourcecode.c.objc; path = StoryBoardViewController.m; sourceTree = "<group>"; };
/* End PBXFileReference section */

/* Begin PBXFrameworksBuildPhase section */
		84DB3B881685E596006807E9 /* Frameworks */ = {
			isa = PBXFrameworksBuildPhase;
			buildActionMask = 2147483647;
			files = (
				84DB3B901685E596006807E9 /* UIKit.framework in Frameworks */,
				84DB3B921685E596006807E9 /* Foundation.framework in Frameworks */,
				84DB3B941685E596006807E9 /* CoreGraphics.framework in Frameworks */,
			);
			runOnlyForDeploymentPostprocessing = 0;
		};
/* End PBXFrameworksBuildPhase section */

/* Begin PBXGroup section */
		84DB3B801685E596006807E9 = {
			isa = PBXGroup;
			children = (
				84DB3B951685E596006807E9 /* TestHub */,
				84DB3B8E1685E596006807E9 /* Frameworks */,
				84DB3B8C1685E596006807E9 /* Products */,
			);
			sourceTree = "<group>";
		};
		84DB3B8C1685E596006807E9 /* Products */ = {
			isa = PBXGroup;
			children = (
				84DB3B8B1685E596006807E9 /* TestHub.app */,
			);
			name = Products;
			sourceTree = "<group>";
		};
		84DB3B8E1685E596006807E9 /* Frameworks */ = {
			isa = PBXGroup;
			children = (
				84DB3B8F1685E596006807E9 /* UIKit.framework */,
				84DB3B911685E596006807E9 /* Foundation.framework */,
				84DB3B931685E596006807E9 /* CoreGraphics.framework */,
			);
			name = Frameworks;
			sourceTree = "<group>";
		};
		84DB3B951685E596006807E9 /* TestHub */ = {
			isa = PBXGroup;
			children = (
				84DB3B9E1685E596006807E9 /* StoryBoardAppDelegate.h */,
				84DB3B9F1685E596006807E9 /* StoryBoardAppDelegate.m */,
				84DB3BA71685E596006807E9 /* MainStoryboard.storyboard */,
				84DB3BAA1685E596006807E9 /* StoryBoardViewController.h */,
				84DB3BAB1685E596006807E9 /* StoryBoardViewController.m */,
				84DB3B961685E596006807E9 /* Supporting Files */,
			);
			path = TestHub;
			sourceTree = "<group>";
		};
		84DB3B961685E596006807E9 /* Supporting Files */ = {
			isa = PBXGroup;
			children = (
				84DB3B971685E596006807E9 /* TestHub-Info.plist */,
				84DB3B981685E596006807E9 /* InfoPlist.strings */,
				84DB3B9B1685E596006807E9 /* main.m */,
				84DB3B9D1685E596006807E9 /* TestHub-Prefix.pch */,
				84DB3BA11685E596006807E9 /* Default.png */,
				84DB3BA31685E596006807E9 /* Default@2x.png */,
				84DB3BA51685E596006807E9 /* Default-568h@2x.png */,
			);
			name = "Supporting Files";
			sourceTree = "<group>";
		};
/* End PBXGroup section */

/* Begin PBXNativeTarget section */
		84DB3B8A1685E596006807E9 /* TestHub */ = {
			isa = PBXNativeTarget;
			buildConfigurationList = 84DB3BAF1685E596006807E9 /* Build configuration list for PBXNativeTarget "TestHub" */;
			buildPhases = (
				84DB3B871685E596006807E9 /* Sources */,
				84DB3B881685E596006807E9 /* Frameworks */,
				84DB3B891685E596006807E9 /* Resources */,
			);
			buildRules = (
			);
			dependencies = (
			);
			name = TestHub;
			productName = TestHub;
			productReference = 84DB3B8B1685E596006807E9 /* TestHub.app */;
			productType = "com.apple.product-type.application";
		};
/* End PBXNativeTarget section */

/* Begin PBXProject section */
		84DB3B821685E596006807E9 /* Project object */ = {
			isa = PBXProject;
			attributes = {
				CLASSPREFIX = StoryBoard;
				LastUpgradeCheck = 0450;
				ORGANIZATIONNAME = Prashanth.S.Patil;
			};
			buildConfigurationList = 84DB3B851685E596006807E9 /* Build configuration list for PBXProject "TestHub" */;
			compatibilityVersion = "Xcode 3.2";
			developmentRegion = English;
			hasScannedForEncodings = 0;
			knownRegions = (
				en,
			);
			mainGroup = 84DB3B801685E596006807E9;
			productRefGroup = 84DB3B8C1685E596006807E9 /* Products */;
			projectDirPath = "";
			projectRoot = "";
			targets = (
				84DB3B8A1685E596006807E9 /* TestHub */,
			);
		};
/* End PBXProject section */

/* Begin PBXResourcesBuildPhase section */
		84DB3B891685E596006807E9 /* Resources */ = {
			isa = PBXResourcesBuildPhase;
			buildActionMask = 2147483647;
			files = (
				84DB3B9A1685E596006807E9 /* InfoPlist.strings in Resources */,
				84DB3BA21685E596006807E9 /* Default.png in Resources */,
				84DB3BA41685E596006807E9 /* Default@2x.png in Resources */,
				84DB3BA61685E596006807E9 /* Default-568h@2x.png in Resources */,
				84DB3BA91685E596006807E9 /* MainStoryboard.storyboard in Resources */,
			);
			runOnlyForDeploymentPostprocessing = 0;
		};
/* End PBXResourcesBuildPhase section */

/* Begin PBXSourcesBuildPhase section */
		84DB3B871685E596006807E9 /* Sources */ = {
			isa = PBXSourcesBuildPhase;
			buildActionMask = 2147483647;
			files = (
				84DB3B9C1685E596006807E9 /* main.m in Sources */,
				84DB3BA01685E596006807E9 /* StoryBoardAppDelegate.m in Sources */,
				84DB3BAC1685E596006807E9 /* StoryBoardViewController.m in Sources */,
			);
			runOnlyForDeploymentPostprocessing = 0;
		};
/* End PBXSourcesBuildPhase section */

/* Begin PBXVariantGroup section */
		84DB3B981685E596006807E9 /* InfoPlist.strings */ = {
			isa = PBXVariantGroup;
			children = (
				84DB3B991685E596006807E9 /* en */,
			);
			name = InfoPlist.strings;
			sourceTree = "<group>";
		};
		84DB3BA71685E596006807E9 /* MainStoryboard.storyboard */ = {
			isa = PBXVariantGroup;
			children = (
				84DB3BA81685E596006807E9 /* en */,
			);
			name = MainStoryboard.storyboard;
			sourceTree = "<group>";
		};
/* End PBXVariantGroup section */

/* Begin XCBuildConfiguration section */
		84DB3BAD1685E596006807E9 /* Debug */ = {
			isa = XCBuildConfiguration;
			buildSettings = {
				ALWAYS_SEARCH_USER_PATHS = NO;
				CLANG_CXX_LANGUAGE_STANDARD = "gnu++0x";
				CLANG_CXX_LIBRARY = "libc++";
				CLANG_WARN_EMPTY_BODY = YES;
				CLANG_WARN__DUPLICATE_METHOD_MATCH = YES;
				"CODE_SIGN_IDENTITY[sdk=iphoneos*]" = "iPhone Developer";
				COPY_PHASE_STRIP = NO;
				GCC_C_LANGUAGE_STANDARD = gnu99;
				GCC_DYNAMIC_NO_PIC = NO;
				GCC_OPTIMIZATION_LEVEL = 0;
				GCC_PREPROCESSOR_DEFINITIONS = (
					"DEBUG=1",
					"$(inherited)",
				);
				GCC_SYMBOLS_PRIVATE_EXTERN = NO;
				GCC_WARN_ABOUT_RETURN_TYPE = YES;
				GCC_WARN_UNINITIALIZED_AUTOS = YES;
				GCC_WARN_UNUSED_VARIABLE = YES;
				IPHONEOS_DEPLOYMENT_TARGET = 6.0;
				ONLY_ACTIVE_ARCH = YES;
				SDKROOT = iphoneos;
			};
			name = Debug;
		};
		84DB3BAE1685E596006807E9 /* Release */ = {
			isa = XCBuildConfiguration;
			buildSettings = {
				ALWAYS_SEARCH_USER_PATHS = NO;
				CLANG_CXX_LANGUAGE_STANDARD = "gnu++0x";
				CLANG_CXX_LIBRARY = "libc++";
				CLANG_WARN_EMPTY_BODY = YES;
				CLANG_WARN__DUPLICATE_METHOD_MATCH = YES;
				"CODE_SIGN_IDENTITY[sdk=iphoneos*]" = "iPhone Developer";
				COPY_PHASE_STRIP = YES;
				GCC_C_LANGUAGE_STANDARD = gnu99;
				GCC_WARN_ABOUT_RETURN_TYPE = YES;
				GCC_WARN_UNINITIALIZED_AUTOS = YES;
				GCC_WARN_UNUSED_VARIABLE = YES;
				IPHONEOS_DEPLOYMENT_TARGET = 6.0;
				OTHER_CFLAGS = "-DNS_BLOCK_ASSERTIONS=1";
				SDKROOT = iphoneos;
				VALIDATE_PRODUCT = YES;
			};
			name = Release;
		};
		84DB3BB01685E596006807E9 /* Debug */ = {
			isa = XCBuildConfiguration;
			buildSettings = {
				GCC_PRECOMPILE_PREFIX_HEADER = YES;
				GCC_PREFIX_HEADER = "TestHub/TestHub-Prefix.pch";
				INFOPLIST_FILE = "TestHub/TestHub-Info.plist";
				PRODUCT_NAME = "$(TARGET_NAME)";
				WRAPPER_EXTENSION = app;
			};
			name = Debug;
		};
		84DB3BB11685E596006807E9 /* Release */ = {
			isa = XCBuildConfiguration;
			buildSettings = {
				GCC_PRECOMPILE_PREFIX_HEADER = YES;
				GCC_PREFIX_HEADER = "TestHub/TestHub-Prefix.pch";
				INFOPLIST_FILE = "TestHub/TestHub-Info.plist";
				PRODUCT_NAME = "$(TARGET_NAME)";
				WRAPPER_EXTENSION = app;
			};
			name = Release;
		};
/* End XCBuildConfiguration section */

/* Begin XCConfigurationList section */
		84DB3B851685E596006807E9 /* Build configuration list for PBXProject "TestHub" */ = {
			isa = XCConfigurationList;
			buildConfigurations = (
				84DB3BAD1685E596006807E9 /* Debug */,
				84DB3BAE1685E596006807E9 /* Release */,
			);
			defaultConfigurationIsVisible = 0;
			defaultConfigurationName = Release;
		};
		84DB3BAF1685E596006807E9 /* Build configuration list for PBXNativeTarget "TestHub" */ = {
			isa = XCConfigurationList;
			buildConfigurations = (
				84DB3BB01685E596006807E9 /* Debug */,
				84DB3BB11685E596006807E9 /* Release */,
			);
			defaultConfigurationIsVisible = 0;
		};
/* End XCConfigurationList section */
	};
	rootObject = 84DB3B821685E596006807E9 /* Project object */;
}
